
Microsoft Visual Studio Solution File, Format Version 12.00
# Visual Studio Version 16
VisualStudioVersion = 16.0.32002.261
MinimumVisualStudioVersion = 10.0.40219.1
Project("{9A19103F-16F7-4668-BE54-9A1E7A4F7556}") = "Catalog.API", "Services\Catalog\Catalog.API\Catalog.API.csproj", "{CD13C47A-255C-425E-8886-A8194603654B}"
EndProject
Project("{E53339B2-1760-4266-BCC7-CA923CBCF16C}") = "docker-compose", "docker-compose.dcproj", "{0762C33A-72C2-4853-881B-D10CB7B56BF0}"
EndProject
Project("{FAE04EC0-301F-11D3-BF4B-00C04F79EFBC}") = "Basket.API", "Services\Basket\Basket.API\Basket.API.csproj", "{0D5EF5CC-E911-4E91-8EE9-44039E40BD87}"
EndProject
Global
	GlobalSection(SolutionConfigurationPlatforms) = preSolution
		Debug|Any CPU = Debug|Any CPU
		Release|Any CPU = Release|Any CPU
	EndGlobalSection
	GlobalSection(ProjectConfigurationPlatforms) = postSolution
		{CD13C47A-255C-425E-8886-A8194603654B}.Debug|Any CPU.ActiveCfg = Debug|Any CPU
		{CD13C47A-255C-425E-8886-A8194603654B}.Debug|Any CPU.Build.0 = Debug|Any CPU
		{CD13C47A-255C-425E-8886-A8194603654B}.Release|Any CPU.ActiveCfg = Release|Any CPU
		{CD13C47A-255C-425E-8886-A8194603654B}.Release|Any CPU.Build.0 = Release|Any CPU
		{0762C33A-72C2-4853-881B-D10CB7B56BF0}.Debug|Any CPU.ActiveCfg = Debug|Any CPU
		{0762C33A-72C2-4853-881B-D10CB7B56BF0}.Debug|Any CPU.Build.0 = Debug|Any CPU
		{0762C33A-72C2-4853-881B-D10CB7B56BF0}.Release|Any CPU.ActiveCfg = Release|Any CPU
		{0762C33A-72C2-4853-881B-D10CB7B56BF0}.Release|Any CPU.Build.0 = Release|Any CPU
		{0D5EF5CC-E911-4E91-8EE9-44039E40BD87}.Debug|Any CPU.ActiveCfg = Debug|Any CPU
		{0D5EF5CC-E911-4E91-8EE9-44039E40BD87}.Debug|Any CPU.Build.0 = Debug|Any CPU
		{0D5EF5CC-E911-4E91-8EE9-44039E40BD87}.Release|Any CPU.ActiveCfg = Release|Any CPU
		{0D5EF5CC-E911-4E91-8EE9-44039E40BD87}.Release|Any CPU.Build.0 = Release|Any CPU
	EndGlobalSection
	GlobalSection(SolutionProperties) = preSolution
		HideSolutionNode = FALSE
	EndGlobalSection
	GlobalSection(ExtensibilityGlobals) = postSolution
		SolutionGuid = {3E99922D-7AA8-4B41-BE73-05911300799D}
	EndGlobalSection
EndGlobal
