
Microsoft Visual Studio Solution File, Format Version 12.00
# Visual Studio Version 17
VisualStudioVersion = 17.0.32112.339
MinimumVisualStudioVersion = 10.0.40219.1
Project("{9A19103F-16F7-4668-BE54-9A1E7A4F7556}") = "Catalog.API", "Services\Catalog\Catalog.API\Catalog.API.csproj", "{CD13C47A-255C-425E-8886-A8194603654B}"
EndProject
Project("{E53339B2-1760-4266-BCC7-CA923CBCF16C}") = "docker-compose", "docker-compose.dcproj", "{0762C33A-72C2-4853-881B-D10CB7B56BF0}"
EndProject
Project("{9A19103F-16F7-4668-BE54-9A1E7A4F7556}") = "Basket.API", "Services\Basket\Basket.API\Basket.API.csproj", "{0D5EF5CC-E911-4E91-8EE9-44039E40BD87}"
EndProject
Project("{9A19103F-16F7-4668-BE54-9A1E7A4F7556}") = "Discount.API", "Services\Discount\Discount.API\Discount.API.csproj", "{2AD3C431-88C0-480B-A7B5-99A896D9FD1A}"
EndProject
Project("{9A19103F-16F7-4668-BE54-9A1E7A4F7556}") = "Discount.Grpc", "Services\Discount\Discount.Grpc\Discount.Grpc.csproj", "{DEB4AFA3-3D1C-4B04-84E1-79AB1AD2768F}"
EndProject
Project("{2150E333-8FDC-42A3-9474-1A3956D46DE8}") = "Basket", "Basket", "{3C6F7E16-F0F2-48F8-8AE2-1B44591A3D01}"
EndProject
Project("{2150E333-8FDC-42A3-9474-1A3956D46DE8}") = "Catalog", "Catalog", "{72654EE0-19B7-44E9-ACDE-F725E406F904}"
EndProject
Project("{2150E333-8FDC-42A3-9474-1A3956D46DE8}") = "Discount", "Discount", "{5A39516C-1939-4B13-A16A-FBFD0326A2A4}"
EndProject
Project("{2150E333-8FDC-42A3-9474-1A3956D46DE8}") = "Ordering", "Ordering", "{2902C738-96D3-4258-92E8-4EFD0A409812}"
EndProject
Project("{9A19103F-16F7-4668-BE54-9A1E7A4F7556}") = "Ordering.API", "Services\Ordering\Ordering.API\Ordering.API.csproj", "{D92E03A4-82F5-4F57-A278-20EF127E911C}"
EndProject
Project("{2150E333-8FDC-42A3-9474-1A3956D46DE8}") = "Services", "Services", "{5225974D-187C-452D-826B-E6F2A53EC776}"
EndProject
Project("{9A19103F-16F7-4668-BE54-9A1E7A4F7556}") = "Ordering.Domain", "Services\Ordering\Ordering.Domain\Ordering.Domain.csproj", "{B5DDE409-207A-48CB-ACD0-A537DD8C0C2C}"
EndProject
Project("{9A19103F-16F7-4668-BE54-9A1E7A4F7556}") = "Ordering.Application", "Services\Ordering\Ordering.Application\Ordering.Application.csproj", "{995781A8-ED84-4A93-AB6D-8E4D3DD618C8}"
EndProject
Project("{9A19103F-16F7-4668-BE54-9A1E7A4F7556}") = "Ordering.Infrastructure", "Services\Ordering\Ordering.Infrastructure\Ordering.Infrastructure.csproj", "{5118C7C9-E8BA-422A-B43E-EF874C1E5C07}"
EndProject
Project("{2150E333-8FDC-42A3-9474-1A3956D46DE8}") = "BuildingBlocks", "BuildingBlocks", "{7F8AA4B3-6944-47B4-A234-3AE71DD1F165}"
EndProject
Project("{9A19103F-16F7-4668-BE54-9A1E7A4F7556}") = "EventBus.Messages", "BuildingBlocks\EventBus.Messages\EventBus.Messages.csproj", "{C30945B1-C81F-4F26-937F-2F10507AB9CD}"
EndProject
Project("{2150E333-8FDC-42A3-9474-1A3956D46DE8}") = "ApiGateways", "ApiGateways", "{6D8B5361-32FB-4B7C-9F03-7D545120B06B}"
EndProject
Project("{9A19103F-16F7-4668-BE54-9A1E7A4F7556}") = "OcelotApiGw", "ApiGateways\OcelotApiGw\OcelotApiGw.csproj", "{EFE4C724-6E3A-4B21-853E-8DE7576AEF3E}"
EndProject
Project("{FAE04EC0-301F-11D3-BF4B-00C04F79EFBC}") = "Shopping.Aggregator", "ApiGateways\Shopping.Aggregator\Shopping.Aggregator.csproj", "{FAA28D0C-7C8C-49F9-8AA1-A6C91EAAFE4F}"
EndProject
Global
	GlobalSection(SolutionConfigurationPlatforms) = preSolution
		Debug|Any CPU = Debug|Any CPU
		Release|Any CPU = Release|Any CPU
	EndGlobalSection
	GlobalSection(ProjectConfigurationPlatforms) = postSolution
		{CD13C47A-255C-425E-8886-A8194603654B}.Debug|Any CPU.ActiveCfg = Debug|Any CPU
		{CD13C47A-255C-425E-8886-A8194603654B}.Debug|Any CPU.Build.0 = Debug|Any CPU
		{CD13C47A-255C-425E-8886-A8194603654B}.Release|Any CPU.ActiveCfg = Release|Any CPU
		{CD13C47A-255C-425E-8886-A8194603654B}.Release|Any CPU.Build.0 = Release|Any CPU
		{0762C33A-72C2-4853-881B-D10CB7B56BF0}.Debug|Any CPU.ActiveCfg = Debug|Any CPU
		{0762C33A-72C2-4853-881B-D10CB7B56BF0}.Debug|Any CPU.Build.0 = Debug|Any CPU
		{0762C33A-72C2-4853-881B-D10CB7B56BF0}.Release|Any CPU.ActiveCfg = Release|Any CPU
		{0762C33A-72C2-4853-881B-D10CB7B56BF0}.Release|Any CPU.Build.0 = Release|Any CPU
		{0D5EF5CC-E911-4E91-8EE9-44039E40BD87}.Debug|Any CPU.ActiveCfg = Debug|Any CPU
		{0D5EF5CC-E911-4E91-8EE9-44039E40BD87}.Debug|Any CPU.Build.0 = Debug|Any CPU
		{0D5EF5CC-E911-4E91-8EE9-44039E40BD87}.Release|Any CPU.ActiveCfg = Release|Any CPU
		{0D5EF5CC-E911-4E91-8EE9-44039E40BD87}.Release|Any CPU.Build.0 = Release|Any CPU
		{2AD3C431-88C0-480B-A7B5-99A896D9FD1A}.Debug|Any CPU.ActiveCfg = Debug|Any CPU
		{2AD3C431-88C0-480B-A7B5-99A896D9FD1A}.Debug|Any CPU.Build.0 = Debug|Any CPU
		{2AD3C431-88C0-480B-A7B5-99A896D9FD1A}.Release|Any CPU.ActiveCfg = Release|Any CPU
		{2AD3C431-88C0-480B-A7B5-99A896D9FD1A}.Release|Any CPU.Build.0 = Release|Any CPU
		{DEB4AFA3-3D1C-4B04-84E1-79AB1AD2768F}.Debug|Any CPU.ActiveCfg = Debug|Any CPU
		{DEB4AFA3-3D1C-4B04-84E1-79AB1AD2768F}.Debug|Any CPU.Build.0 = Debug|Any CPU
		{DEB4AFA3-3D1C-4B04-84E1-79AB1AD2768F}.Release|Any CPU.ActiveCfg = Release|Any CPU
		{DEB4AFA3-3D1C-4B04-84E1-79AB1AD2768F}.Release|Any CPU.Build.0 = Release|Any CPU
		{D92E03A4-82F5-4F57-A278-20EF127E911C}.Debug|Any CPU.ActiveCfg = Debug|Any CPU
		{D92E03A4-82F5-4F57-A278-20EF127E911C}.Debug|Any CPU.Build.0 = Debug|Any CPU
		{D92E03A4-82F5-4F57-A278-20EF127E911C}.Release|Any CPU.ActiveCfg = Release|Any CPU
		{D92E03A4-82F5-4F57-A278-20EF127E911C}.Release|Any CPU.Build.0 = Release|Any CPU
		{B5DDE409-207A-48CB-ACD0-A537DD8C0C2C}.Debug|Any CPU.ActiveCfg = Debug|Any CPU
		{B5DDE409-207A-48CB-ACD0-A537DD8C0C2C}.Debug|Any CPU.Build.0 = Debug|Any CPU
		{B5DDE409-207A-48CB-ACD0-A537DD8C0C2C}.Release|Any CPU.ActiveCfg = Release|Any CPU
		{B5DDE409-207A-48CB-ACD0-A537DD8C0C2C}.Release|Any CPU.Build.0 = Release|Any CPU
		{995781A8-ED84-4A93-AB6D-8E4D3DD618C8}.Debug|Any CPU.ActiveCfg = Debug|Any CPU
		{995781A8-ED84-4A93-AB6D-8E4D3DD618C8}.Debug|Any CPU.Build.0 = Debug|Any CPU
		{995781A8-ED84-4A93-AB6D-8E4D3DD618C8}.Release|Any CPU.ActiveCfg = Release|Any CPU
		{995781A8-ED84-4A93-AB6D-8E4D3DD618C8}.Release|Any CPU.Build.0 = Release|Any CPU
		{5118C7C9-E8BA-422A-B43E-EF874C1E5C07}.Debug|Any CPU.ActiveCfg = Debug|Any CPU
		{5118C7C9-E8BA-422A-B43E-EF874C1E5C07}.Debug|Any CPU.Build.0 = Debug|Any CPU
		{5118C7C9-E8BA-422A-B43E-EF874C1E5C07}.Release|Any CPU.ActiveCfg = Release|Any CPU
		{5118C7C9-E8BA-422A-B43E-EF874C1E5C07}.Release|Any CPU.Build.0 = Release|Any CPU
		{C30945B1-C81F-4F26-937F-2F10507AB9CD}.Debug|Any CPU.ActiveCfg = Debug|Any CPU
		{C30945B1-C81F-4F26-937F-2F10507AB9CD}.Debug|Any CPU.Build.0 = Debug|Any CPU
		{C30945B1-C81F-4F26-937F-2F10507AB9CD}.Release|Any CPU.ActiveCfg = Release|Any CPU
		{C30945B1-C81F-4F26-937F-2F10507AB9CD}.Release|Any CPU.Build.0 = Release|Any CPU
		{EFE4C724-6E3A-4B21-853E-8DE7576AEF3E}.Debug|Any CPU.ActiveCfg = Debug|Any CPU
		{EFE4C724-6E3A-4B21-853E-8DE7576AEF3E}.Debug|Any CPU.Build.0 = Debug|Any CPU
		{EFE4C724-6E3A-4B21-853E-8DE7576AEF3E}.Release|Any CPU.ActiveCfg = Release|Any CPU
		{EFE4C724-6E3A-4B21-853E-8DE7576AEF3E}.Release|Any CPU.Build.0 = Release|Any CPU
		{FAA28D0C-7C8C-49F9-8AA1-A6C91EAAFE4F}.Debug|Any CPU.ActiveCfg = Debug|Any CPU
		{FAA28D0C-7C8C-49F9-8AA1-A6C91EAAFE4F}.Debug|Any CPU.Build.0 = Debug|Any CPU
		{FAA28D0C-7C8C-49F9-8AA1-A6C91EAAFE4F}.Release|Any CPU.ActiveCfg = Release|Any CPU
		{FAA28D0C-7C8C-49F9-8AA1-A6C91EAAFE4F}.Release|Any CPU.Build.0 = Release|Any CPU
	EndGlobalSection
	GlobalSection(SolutionProperties) = preSolution
		HideSolutionNode = FALSE
	EndGlobalSection
	GlobalSection(NestedProjects) = preSolution
		{CD13C47A-255C-425E-8886-A8194603654B} = {72654EE0-19B7-44E9-ACDE-F725E406F904}
		{0D5EF5CC-E911-4E91-8EE9-44039E40BD87} = {3C6F7E16-F0F2-48F8-8AE2-1B44591A3D01}
		{2AD3C431-88C0-480B-A7B5-99A896D9FD1A} = {5A39516C-1939-4B13-A16A-FBFD0326A2A4}
		{DEB4AFA3-3D1C-4B04-84E1-79AB1AD2768F} = {5A39516C-1939-4B13-A16A-FBFD0326A2A4}
		{3C6F7E16-F0F2-48F8-8AE2-1B44591A3D01} = {5225974D-187C-452D-826B-E6F2A53EC776}
		{72654EE0-19B7-44E9-ACDE-F725E406F904} = {5225974D-187C-452D-826B-E6F2A53EC776}
		{5A39516C-1939-4B13-A16A-FBFD0326A2A4} = {5225974D-187C-452D-826B-E6F2A53EC776}
		{2902C738-96D3-4258-92E8-4EFD0A409812} = {5225974D-187C-452D-826B-E6F2A53EC776}
		{D92E03A4-82F5-4F57-A278-20EF127E911C} = {2902C738-96D3-4258-92E8-4EFD0A409812}
		{B5DDE409-207A-48CB-ACD0-A537DD8C0C2C} = {2902C738-96D3-4258-92E8-4EFD0A409812}
		{995781A8-ED84-4A93-AB6D-8E4D3DD618C8} = {2902C738-96D3-4258-92E8-4EFD0A409812}
		{5118C7C9-E8BA-422A-B43E-EF874C1E5C07} = {2902C738-96D3-4258-92E8-4EFD0A409812}
		{C30945B1-C81F-4F26-937F-2F10507AB9CD} = {7F8AA4B3-6944-47B4-A234-3AE71DD1F165}
		{EFE4C724-6E3A-4B21-853E-8DE7576AEF3E} = {6D8B5361-32FB-4B7C-9F03-7D545120B06B}
		{FAA28D0C-7C8C-49F9-8AA1-A6C91EAAFE4F} = {6D8B5361-32FB-4B7C-9F03-7D545120B06B}
	EndGlobalSection
	GlobalSection(ExtensibilityGlobals) = postSolution
		SolutionGuid = {3E99922D-7AA8-4B41-BE73-05911300799D}
	EndGlobalSection
EndGlobal
